
Microsoft Visual Studio Solution File, Format Version 12.00
# Visual Studio Version 16
VisualStudioVersion = 16.0.30320.27
MinimumVisualStudioVersion = 10.0.40219.1
Project("{FAE04EC0-301F-11D3-BF4B-00C04F79EFBC}") = "MVC_API_DAPPER", "MVC_API_DAPPER.csproj", "{379A3317-B0CB-4A70-9A0F-0C61B2CB7E22}"
EndProject
Global
	GlobalSection(SolutionConfigurationPlatforms) = preSolution
		Debug|Any CPU = Debug|Any CPU
		Release|Any CPU = Release|Any CPU
	EndGlobalSection
	GlobalSection(ProjectConfigurationPlatforms) = postSolution
		{379A3317-B0CB-4A70-9A0F-0C61B2CB7E22}.Debug|Any CPU.ActiveCfg = Debug|Any CPU
		{379A3317-B0CB-4A70-9A0F-0C61B2CB7E22}.Debug|Any CPU.Build.0 = Debug|Any CPU
		{379A3317-B0CB-4A70-9A0F-0C61B2CB7E22}.Release|Any CPU.ActiveCfg = Release|Any CPU
		{379A3317-B0CB-4A70-9A0F-0C61B2CB7E22}.Release|Any CPU.Build.0 = Release|Any CPU
	EndGlobalSection
	GlobalSection(SolutionProperties) = preSolution
		HideSolutionNode = FALSE
	EndGlobalSection
	GlobalSection(ExtensibilityGlobals) = postSolution
		SolutionGuid = {DDDF6CB3-37A4-4574-A643-36A47331309D}
	EndGlobalSection
EndGlobal
